// !$*UTF8*$!
{
	archiveVersion = 1;
	classes = {
	};
	objectVersion = 77;
	objects = {

/* Begin PBXBuildFile section */
		38A252472E9E0D4900FC1F8D /* Assets.xcassets in Resources */ = {isa = PBXBuildFile; fileRef = 38A252442E9E0D4900FC1F8D /* Assets.xcassets */; };
		38A252492E9E0D4900FC1F8D /* RETHINKAApp.swift in Sources */ = {isa = PBXBuildFile; fileRef = 38A252462E9E0D4900FC1F8D /* RETHINKAApp.swift */; };
		38A252D02E9E1D3400FC1F8D /* WidgetKit.framework in Frameworks */ = {isa = PBXBuildFile; fileRef = 38A252B32E9E1BE900FC1F8D /* WidgetKit.framework */; };
		38A252D12E9E1D3400FC1F8D /* SwiftUI.framework in Frameworks */ = {isa = PBXBuildFile; fileRef = 38A2528C2E9E1BA200FC1F8D /* SwiftUI.framework */; };
		38A252E02E9E1D3500FC1F8D /* RETHINKAWidgetExtension.appex in Embed Foundation Extensions */ = {isa = PBXBuildFile; fileRef = 38A252CF2E9E1D3400FC1F8D /* RETHINKAWidgetExtension.appex */; settings = {ATTRIBUTES = (RemoveHeadersOnCopy, ); }; };
/* End PBXBuildFile section */

/* Begin PBXContainerItemProxy section */
		38A252DE2E9E1D3500FC1F8D /* PBXContainerItemProxy */ = {
			isa = PBXContainerItemProxy;
			containerPortal = 3886F2852E9E0CAE004E0D76 /* Project object */;
			proxyType = 1;
			remoteGlobalIDString = 38A252CE2E9E1D3400FC1F8D;
			remoteInfo = RETHINKAWidgetExtension;
		};
/* End PBXContainerItemProxy section */

/* Begin PBXCopyFilesBuildPhase section */
		38A252A32E9E1BA400FC1F8D /* Embed Foundation Extensions */ = {
			isa = PBXCopyFilesBuildPhase;
			buildActionMask = 2147483647;
			dstPath = "";
			dstSubfolderSpec = 13;
			files = (
				38A252E02E9E1D3500FC1F8D /* RETHINKAWidgetExtension.appex in Embed Foundation Extensions */,
			);
			name = "Embed Foundation Extensions";
			runOnlyForDeploymentPostprocessing = 0;
		};
/* End PBXCopyFilesBuildPhase section */

/* Begin PBXFileReference section */
		3886F28D2E9E0CAE004E0D76 /* RETHINKA.app */ = {isa = PBXFileReference; explicitFileType = wrapper.application; includeInIndex = 0; path = RETHINKA.app; sourceTree = BUILT_PRODUCTS_DIR; };
		38A252442E9E0D4900FC1F8D /* Assets.xcassets */ = {isa = PBXFileReference; lastKnownFileType = folder.assetcatalog; path = Assets.xcassets; sourceTree = "<group>"; };
		38A252462E9E0D4900FC1F8D /* RETHINKAApp.swift */ = {isa = PBXFileReference; lastKnownFileType = sourcecode.swift; path = RETHINKAApp.swift; sourceTree = "<group>"; };
		38A2528C2E9E1BA200FC1F8D /* SwiftUI.framework */ = {isa = PBXFileReference; lastKnownFileType = wrapper.framework; name = SwiftUI.framework; path = System/Library/Frameworks/SwiftUI.framework; sourceTree = SDKROOT; };
		38A252B32E9E1BE900FC1F8D /* WidgetKit.framework */ = {isa = PBXFileReference; lastKnownFileType = wrapper.framework; name = WidgetKit.framework; path = System/Library/Frameworks/WidgetKit.framework; sourceTree = SDKROOT; };
		38A252CF2E9E1D3400FC1F8D /* RETHINKAWidgetExtension.appex */ = {isa = PBXFileReference; explicitFileType = "wrapper.app-extension"; includeInIndex = 0; path = RETHINKAWidgetExtension.appex; sourceTree = BUILT_PRODUCTS_DIR; };
/* End PBXFileReference section */

/* Begin PBXFileSystemSynchronizedBuildFileExceptionSet section */
		38A2526D2E9E153900FC1F8D /* Exceptions for "Utilities" folder in "RETHINKA" target */ = {
			isa = PBXFileSystemSynchronizedBuildFileExceptionSet;
			membershipExceptions = (
				AIQuestionGenerator.swift,
				NotificationsManager.swift,
				Theme.swift,
			);
			target = 3886F28C2E9E0CAE004E0D76 /* RETHINKA */;
		};
		38A252732E9E156200FC1F8D /* Exceptions for "Models" folder in "RETHINKA" target */ = {
			isa = PBXFileSystemSynchronizedBuildFileExceptionSet;
			membershipExceptions = (
				CourseNote.swift,
				ExamTimeline.swift,
				QuizQuestion.swift,
			);
			target = 3886F28C2E9E0CAE004E0D76 /* RETHINKA */;
		};
		38A252E42E9E1D3500FC1F8D /* Exceptions for "RETHINKAWidget" folder in "RETHINKAWidgetExtension" target */ = {
			isa = PBXFileSystemSynchronizedBuildFileExceptionSet;
			membershipExceptions = (
				Info.plist,
			);
			target = 38A252CE2E9E1D3400FC1F8D /* RETHINKAWidgetExtension */;
		};
/* End PBXFileSystemSynchronizedBuildFileExceptionSet section */

/* Begin PBXFileSystemSynchronizedRootGroup section */
		38A252532E9E14BB00FC1F8D /* Models */ = {
			isa = PBXFileSystemSynchronizedRootGroup;
			exceptions = (
				38A252732E9E156200FC1F8D /* Exceptions for "Models" folder in "RETHINKA" target */,
			);
			path = Models;
			sourceTree = "<group>";
		};
		38A252542E9E14BB00FC1F8D /* Utilities */ = {
			isa = PBXFileSystemSynchronizedRootGroup;
			exceptions = (
				38A2526D2E9E153900FC1F8D /* Exceptions for "Utilities" folder in "RETHINKA" target */,
			);
			path = Utilities;
			sourceTree = "<group>";
		};
		38A252562E9E14BB00FC1F8D /* Views */ = {
			isa = PBXFileSystemSynchronizedRootGroup;
			path = Views;
			sourceTree = "<group>";
		};
		38A252D22E9E1D3400FC1F8D /* RETHINKAWidget */ = {
			isa = PBXFileSystemSynchronizedRootGroup;
			exceptions = (
				38A252E42E9E1D3500FC1F8D /* Exceptions for "RETHINKAWidget" folder in "RETHINKAWidgetExtension" target */,
			);
			path = RETHINKAWidget;
			sourceTree = "<group>";
		};
/* End PBXFileSystemSynchronizedRootGroup section */

/* Begin PBXFrameworksBuildPhase section */
		3886F28A2E9E0CAE004E0D76 /* Frameworks */ = {
			isa = PBXFrameworksBuildPhase;
			buildActionMask = 2147483647;
			files = (
			);
			runOnlyForDeploymentPostprocessing = 0;
		};
		38A252CC2E9E1D3400FC1F8D /* Frameworks */ = {
			isa = PBXFrameworksBuildPhase;
			buildActionMask = 2147483647;
			files = (
				38A252D12E9E1D3400FC1F8D /* SwiftUI.framework in Frameworks */,
				38A252D02E9E1D3400FC1F8D /* WidgetKit.framework in Frameworks */,
			);
			runOnlyForDeploymentPostprocessing = 0;
		};
/* End PBXFrameworksBuildPhase section */

/* Begin PBXGroup section */
		3886F2842E9E0CAE004E0D76 = {
			isa = PBXGroup;
			children = (
				38A252462E9E0D4900FC1F8D /* RETHINKAApp.swift */,
				38A252532E9E14BB00FC1F8D /* Models */,
				38A252542E9E14BB00FC1F8D /* Utilities */,
				38A252562E9E14BB00FC1F8D /* Views */,
				38A252442E9E0D4900FC1F8D /* Assets.xcassets */,
				38A252D22E9E1D3400FC1F8D /* RETHINKAWidget */,
				38A252892E9E1BA200FC1F8D /* Frameworks */,
				3886F28E2E9E0CAE004E0D76 /* Products */,
			);
			sourceTree = "<group>";
		};
		3886F28E2E9E0CAE004E0D76 /* Products */ = {
			isa = PBXGroup;
			children = (
				3886F28D2E9E0CAE004E0D76 /* RETHINKA.app */,
				38A252CF2E9E1D3400FC1F8D /* RETHINKAWidgetExtension.appex */,
			);
			name = Products;
			sourceTree = "<group>";
		};
		38A252892E9E1BA200FC1F8D /* Frameworks */ = {
			isa = PBXGroup;
			children = (
				38A2528C2E9E1BA200FC1F8D /* SwiftUI.framework */,
				38A252B32E9E1BE900FC1F8D /* WidgetKit.framework */,
			);
			name = Frameworks;
			sourceTree = "<group>";
		};
/* End PBXGroup section */

/* Begin PBXNativeTarget section */
		3886F28C2E9E0CAE004E0D76 /* RETHINKA */ = {
			isa = PBXNativeTarget;
			buildConfigurationList = 3886F2982E9E0CAF004E0D76 /* Build configuration list for PBXNativeTarget "RETHINKA" */;
			buildPhases = (
				3886F2892E9E0CAE004E0D76 /* Sources */,
				3886F28A2E9E0CAE004E0D76 /* Frameworks */,
				3886F28B2E9E0CAE004E0D76 /* Resources */,
				38A252A32E9E1BA400FC1F8D /* Embed Foundation Extensions */,
			);
			buildRules = (
			);
			dependencies = (
				38A252DF2E9E1D3500FC1F8D /* PBXTargetDependency */,
			);
			fileSystemSynchronizedGroups = (
				38A252562E9E14BB00FC1F8D /* Views */,
			);
			name = RETHINKA;
			packageProductDependencies = (
			);
			productName = RETHINKA;
			productReference = 3886F28D2E9E0CAE004E0D76 /* RETHINKA.app */;
			productType = "com.apple.product-type.application";
		};
		38A252CE2E9E1D3400FC1F8D /* RETHINKAWidgetExtension */ = {
			isa = PBXNativeTarget;
			buildConfigurationList = 38A252E12E9E1D3500FC1F8D /* Build configuration list for PBXNativeTarget "RETHINKAWidgetExtension" */;
			buildPhases = (
				38A252CB2E9E1D3400FC1F8D /* Sources */,
				38A252CC2E9E1D3400FC1F8D /* Frameworks */,
				38A252CD2E9E1D3400FC1F8D /* Resources */,
			);
			buildRules = (
			);
			dependencies = (
			);
			fileSystemSynchronizedGroups = (
				38A252D22E9E1D3400FC1F8D /* RETHINKAWidget */,
			);
			name = RETHINKAWidgetExtension;
			packageProductDependencies = (
			);
			productName = RETHINKAWidgetExtension;
			productReference = 38A252CF2E9E1D3400FC1F8D /* RETHINKAWidgetExtension.appex */;
			productType = "com.apple.product-type.app-extension";
		};
/* End PBXNativeTarget section */

/* Begin PBXProject section */
		3886F2852E9E0CAE004E0D76 /* Project object */ = {
			isa = PBXProject;
			attributes = {
				BuildIndependentTargetsInParallel = 1;
				LastSwiftUpdateCheck = 2600;
				LastUpgradeCheck = 2600;
				TargetAttributes = {
					3886F28C2E9E0CAE004E0D76 = {
						CreatedOnToolsVersion = 26.0.1;
					};
					38A252CE2E9E1D3400FC1F8D = {
						CreatedOnToolsVersion = 26.0.1;
					};
				};
			};
			buildConfigurationList = 3886F2882E9E0CAE004E0D76 /* Build configuration list for PBXProject "RETHINKA" */;
			developmentRegion = en;
			hasScannedForEncodings = 0;
			knownRegions = (
				en,
				Base,
			);
			mainGroup = 3886F2842E9E0CAE004E0D76;
			minimizedProjectReferenceProxies = 1;
			preferredProjectObjectVersion = 77;
			productRefGroup = 3886F28E2E9E0CAE004E0D76 /* Products */;
			projectDirPath = "";
			projectRoot = "";
			targets = (
				3886F28C2E9E0CAE004E0D76 /* RETHINKA */,
				38A252CE2E9E1D3400FC1F8D /* RETHINKAWidgetExtension */,
			);
		};
/* End PBXProject section */

/* Begin PBXResourcesBuildPhase section */
		3886F28B2E9E0CAE004E0D76 /* Resources */ = {
			isa = PBXResourcesBuildPhase;
			buildActionMask = 2147483647;
			files = (
				38A252472E9E0D4900FC1F8D /* Assets.xcassets in Resources */,
			);
			runOnlyForDeploymentPostprocessing = 0;
		};
		38A252CD2E9E1D3400FC1F8D /* Resources */ = {
			isa = PBXResourcesBuildPhase;
			buildActionMask = 2147483647;
			files = (
			);
			runOnlyForDeploymentPostprocessing = 0;
		};
/* End PBXResourcesBuildPhase section */

/* Begin PBXSourcesBuildPhase section */
		3886F2892E9E0CAE004E0D76 /* Sources */ = {
			isa = PBXSourcesBuildPhase;
			buildActionMask = 2147483647;
			files = (
				38A252492E9E0D4900FC1F8D /* RETHINKAApp.swift in Sources */,
			);
			runOnlyForDeploymentPostprocessing = 0;
		};
		38A252CB2E9E1D3400FC1F8D /* Sources */ = {
			isa = PBXSourcesBuildPhase;
			buildActionMask = 2147483647;
			files = (
			);
			runOnlyForDeploymentPostprocessing = 0;
		};
/* End PBXSourcesBuildPhase section */

/* Begin PBXTargetDependency section */
		38A252DF2E9E1D3500FC1F8D /* PBXTargetDependency */ = {
			isa = PBXTargetDependency;
			target = 38A252CE2E9E1D3400FC1F8D /* RETHINKAWidgetExtension */;
			targetProxy = 38A252DE2E9E1D3500FC1F8D /* PBXContainerItemProxy */;
		};
/* End PBXTargetDependency section */

/* Begin XCBuildConfiguration section */
		3886F2962E9E0CAF004E0D76 /* Debug */ = {
			isa = XCBuildConfiguration;
			buildSettings = {
				ALWAYS_SEARCH_USER_PATHS = NO;
				ASSETCATALOG_COMPILER_GENERATE_SWIFT_ASSET_SYMBOL_EXTENSIONS = YES;
				CLANG_ANALYZER_NONNULL = YES;
				CLANG_ANALYZER_NUMBER_OBJECT_CONVERSION = YES_AGGRESSIVE;
				CLANG_CXX_LANGUAGE_STANDARD = "gnu++20";
				CLANG_ENABLE_MODULES = YES;
				CLANG_ENABLE_OBJC_ARC = YES;
				CLANG_ENABLE_OBJC_WEAK = YES;
				CLANG_WARN_BLOCK_CAPTURE_AUTORELEASING = YES;
				CLANG_WARN_BOOL_CONVERSION = YES;
				CLANG_WARN_COMMA = YES;
				CLANG_WARN_CONSTANT_CONVERSION = YES;
				CLANG_WARN_DEPRECATED_OBJC_IMPLEMENTATIONS = YES;
				CLANG_WARN_DIRECT_OBJC_ISA_USAGE = YES_ERROR;
				CLANG_WARN_DOCUMENTATION_COMMENTS = YES;
				CLANG_WARN_EMPTY_BODY = YES;
				CLANG_WARN_ENUM_CONVERSION = YES;
				CLANG_WARN_INFINITE_RECURSION = YES;
				CLANG_WARN_INT_CONVERSION = YES;
				CLANG_WARN_NON_LITERAL_NULL_CONVERSION = YES;
				CLANG_WARN_OBJC_IMPLICIT_RETAIN_SELF = YES;
				CLANG_WARN_OBJC_LITERAL_CONVERSION = YES;
				CLANG_WARN_OBJC_ROOT_CLASS = YES_ERROR;
				CLANG_WARN_QUOTED_INCLUDE_IN_FRAMEWORK_HEADER = YES;
				CLANG_WARN_RANGE_LOOP_ANALYSIS = YES;
				CLANG_WARN_STRICT_PROTOTYPES = YES;
				CLANG_WARN_SUSPICIOUS_MOVE = YES;
				CLANG_WARN_UNGUARDED_AVAILABILITY = YES_AGGRESSIVE;
				CLANG_WARN_UNREACHABLE_CODE = YES;
				CLANG_WARN__DUPLICATE_METHOD_MATCH = YES;
				COPY_PHASE_STRIP = NO;
				DEBUG_INFORMATION_FORMAT = dwarf;
				ENABLE_STRICT_OBJC_MSGSEND = YES;
				ENABLE_TESTABILITY = YES;
				ENABLE_USER_SCRIPT_SANDBOXING = YES;
				GCC_C_LANGUAGE_STANDARD = gnu17;
				GCC_DYNAMIC_NO_PIC = NO;
				GCC_NO_COMMON_BLOCKS = YES;
				GCC_OPTIMIZATION_LEVEL = 0;
				GCC_PREPROCESSOR_DEFINITIONS = (
					"DEBUG=1",
					"$(inherited)",
				);
				GCC_WARN_64_TO_32_BIT_CONVERSION = YES;
				GCC_WARN_ABOUT_RETURN_TYPE = YES_ERROR;
				GCC_WARN_UNDECLARED_SELECTOR = YES;
				GCC_WARN_UNINITIALIZED_AUTOS = YES_AGGRESSIVE;
				GCC_WARN_UNUSED_FUNCTION = YES;
				GCC_WARN_UNUSED_VARIABLE = YES;
				IPHONEOS_DEPLOYMENT_TARGET = 26.0;
				LOCALIZATION_PREFERS_STRING_CATALOGS = YES;
				MTL_ENABLE_DEBUG_INFO = INCLUDE_SOURCE;
				MTL_FAST_MATH = YES;
				ONLY_ACTIVE_ARCH = YES;
				SDKROOT = iphoneos;
				SWIFT_ACTIVE_COMPILATION_CONDITIONS = "DEBUG $(inherited)";
				SWIFT_OPTIMIZATION_LEVEL = "-Onone";
			};
			name = Debug;
		};
		3886F2972E9E0CAF004E0D76 /* Release */ = {
			isa = XCBuildConfiguration;
			buildSettings = {
				ALWAYS_SEARCH_USER_PATHS = NO;
				ASSETCATALOG_COMPILER_GENERATE_SWIFT_ASSET_SYMBOL_EXTENSIONS = YES;
				CLANG_ANALYZER_NONNULL = YES;
				CLANG_ANALYZER_NUMBER_OBJECT_CONVERSION = YES_AGGRESSIVE;
				CLANG_CXX_LANGUAGE_STANDARD = "gnu++20";
				CLANG_ENABLE_MODULES = YES;
				CLANG_ENABLE_OBJC_ARC = YES;
				CLANG_ENABLE_OBJC_WEAK = YES;
				CLANG_WARN_BLOCK_CAPTURE_AUTORELEASING = YES;
				CLANG_WARN_BOOL_CONVERSION = YES;
				CLANG_WARN_COMMA = YES;
				CLANG_WARN_CONSTANT_CONVERSION = YES;
				CLANG_WARN_DEPRECATED_OBJC_IMPLEMENTATIONS = YES;
				CLANG_WARN_DIRECT_OBJC_ISA_USAGE = YES_ERROR;
				CLANG_WARN_DOCUMENTATION_COMMENTS = YES;
				CLANG_WARN_EMPTY_BODY = YES;
				CLANG_WARN_ENUM_CONVERSION = YES;
				CLANG_WARN_INFINITE_RECURSION = YES;
				CLANG_WARN_INT_CONVERSION = YES;
				CLANG_WARN_NON_LITERAL_NULL_CONVERSION = YES;
				CLANG_WARN_OBJC_IMPLICIT_RETAIN_SELF = YES;
				CLANG_WARN_OBJC_LITERAL_CONVERSION = YES;
				CLANG_WARN_OBJC_ROOT_CLASS = YES_ERROR;
				CLANG_WARN_QUOTED_INCLUDE_IN_FRAMEWORK_HEADER = YES;
				CLANG_WARN_RANGE_LOOP_ANALYSIS = YES;
				CLANG_WARN_STRICT_PROTOTYPES = YES;
				CLANG_WARN_SUSPICIOUS_MOVE = YES;
				CLANG_WARN_UNGUARDED_AVAILABILITY = YES_AGGRESSIVE;
				CLANG_WARN_UNREACHABLE_CODE = YES;
				CLANG_WARN__DUPLICATE_METHOD_MATCH = YES;
				COPY_PHASE_STRIP = NO;
				DEBUG_INFORMATION_FORMAT = "dwarf-with-dsym";
				ENABLE_NS_ASSERTIONS = NO;
				ENABLE_STRICT_OBJC_MSGSEND = YES;
				ENABLE_USER_SCRIPT_SANDBOXING = YES;
				GCC_C_LANGUAGE_STANDARD = gnu17;
				GCC_NO_COMMON_BLOCKS = YES;
				GCC_WARN_64_TO_32_BIT_CONVERSION = YES;
				GCC_WARN_ABOUT_RETURN_TYPE = YES_ERROR;
				GCC_WARN_UNDECLARED_SELECTOR = YES;
				GCC_WARN_UNINITIALIZED_AUTOS = YES_AGGRESSIVE;
				GCC_WARN_UNUSED_FUNCTION = YES;
				GCC_WARN_UNUSED_VARIABLE = YES;
				IPHONEOS_DEPLOYMENT_TARGET = 26.0;
				LOCALIZATION_PREFERS_STRING_CATALOGS = YES;
				MTL_ENABLE_DEBUG_INFO = NO;
				MTL_FAST_MATH = YES;
				SDKROOT = iphoneos;
				SWIFT_COMPILATION_MODE = wholemodule;
				VALIDATE_PRODUCT = YES;
			};
			name = Release;
		};
		3886F2992E9E0CAF004E0D76 /* Debug */ = {
			isa = XCBuildConfiguration;
			buildSettings = {
				ASSETCATALOG_COMPILER_APPICON_NAME = AppIcon;
				ASSETCATALOG_COMPILER_GLOBAL_ACCENT_COLOR_NAME = AccentColor;
				CODE_SIGN_STYLE = Automatic;
				CURRENT_PROJECT_VERSION = 1;
				DEVELOPMENT_TEAM = "";
				ENABLE_PREVIEWS = YES;
				GENERATE_INFOPLIST_FILE = YES;
				INFOPLIST_KEY_UIApplicationSceneManifest_Generation = YES;
				INFOPLIST_KEY_UIApplicationSupportsIndirectInputEvents = YES;
				INFOPLIST_KEY_UILaunchScreen_Generation = YES;
				INFOPLIST_KEY_UISupportedInterfaceOrientations_iPad = "UIInterfaceOrientationPortrait UIInterfaceOrientationPortraitUpsideDown UIInterfaceOrientationLandscapeLeft UIInterfaceOrientationLandscapeRight";
				INFOPLIST_KEY_UISupportedInterfaceOrientations_iPhone = "UIInterfaceOrientationPortrait UIInterfaceOrientationLandscapeLeft UIInterfaceOrientationLandscapeRight";
				LD_RUNPATH_SEARCH_PATHS = (
					"$(inherited)",
					"@executable_path/Frameworks",
				);
				MARKETING_VERSION = 1.0;
				PRODUCT_BUNDLE_IDENTIFIER = com.A4.RETHINKA;
				PRODUCT_NAME = "$(TARGET_NAME)";
				STRING_CATALOG_GENERATE_SYMBOLS = YES;
				SWIFT_APPROACHABLE_CONCURRENCY = YES;
				SWIFT_DEFAULT_ACTOR_ISOLATION = MainActor;
				SWIFT_EMIT_LOC_STRINGS = YES;
				SWIFT_UPCOMING_FEATURE_MEMBER_IMPORT_VISIBILITY = YES;
				SWIFT_VERSION = 5.0;
				TARGETED_DEVICE_FAMILY = "1,2";
			};
			name = Debug;
		};
		3886F29A2E9E0CAF004E0D76 /* Release */ = {
			isa = XCBuildConfiguration;
			buildSettings = {
				ASSETCATALOG_COMPILER_APPICON_NAME = AppIcon;
				ASSETCATALOG_COMPILER_GLOBAL_ACCENT_COLOR_NAME = AccentColor;
				CODE_SIGN_STYLE = Automatic;
				CURRENT_PROJECT_VERSION = 1;
				DEVELOPMENT_TEAM = "";
				ENABLE_PREVIEWS = YES;
				GENERATE_INFOPLIST_FILE = YES;
				INFOPLIST_KEY_UIApplicationSceneManifest_Generation = YES;
				INFOPLIST_KEY_UIApplicationSupportsIndirectInputEvents = YES;
				INFOPLIST_KEY_UILaunchScreen_Generation = YES;
				INFOPLIST_KEY_UISupportedInterfaceOrientations_iPad = "UIInterfaceOrientationPortrait UIInterfaceOrientationPortraitUpsideDown UIInterfaceOrientationLandscapeLeft UIInterfaceOrientationLandscapeRight";
				INFOPLIST_KEY_UISupportedInterfaceOrientations_iPhone = "UIInterfaceOrientationPortrait UIInterfaceOrientationLandscapeLeft UIInterfaceOrientationLandscapeRight";
				LD_RUNPATH_SEARCH_PATHS = (
					"$(inherited)",
					"@executable_path/Frameworks",
				);
				MARKETING_VERSION = 1.0;
				PRODUCT_BUNDLE_IDENTIFIER = com.A4.RETHINKA;
				PRODUCT_NAME = "$(TARGET_NAME)";
				STRING_CATALOG_GENERATE_SYMBOLS = YES;
				SWIFT_APPROACHABLE_CONCURRENCY = YES;
				SWIFT_DEFAULT_ACTOR_ISOLATION = MainActor;
				SWIFT_EMIT_LOC_STRINGS = YES;
				SWIFT_UPCOMING_FEATURE_MEMBER_IMPORT_VISIBILITY = YES;
				SWIFT_VERSION = 5.0;
				TARGETED_DEVICE_FAMILY = "1,2";
			};
			name = Release;
		};
		38A252E22E9E1D3500FC1F8D /* Debug */ = {
			isa = XCBuildConfiguration;
			buildSettings = {
				ASSETCATALOG_COMPILER_GLOBAL_ACCENT_COLOR_NAME = AccentColor;
				ASSETCATALOG_COMPILER_WIDGET_BACKGROUND_COLOR_NAME = WidgetBackground;
				CODE_SIGN_STYLE = Automatic;
				CURRENT_PROJECT_VERSION = 1;
				GENERATE_INFOPLIST_FILE = YES;
				INFOPLIST_FILE = RETHINKAWidget/Info.plist;
				INFOPLIST_KEY_CFBundleDisplayName = RETHINKAWidget;
				INFOPLIST_KEY_NSHumanReadableCopyright = "";
				LD_RUNPATH_SEARCH_PATHS = (
					"$(inherited)",
					"@executable_path/Frameworks",
					"@executable_path/../../Frameworks",
				);
				MARKETING_VERSION = 1.0;
				PRODUCT_BUNDLE_IDENTIFIER = com.A4.RETHINKA.RETHINKAWidget;
				PRODUCT_NAME = "$(TARGET_NAME)";
				SKIP_INSTALL = YES;
				STRING_CATALOG_GENERATE_SYMBOLS = YES;
				SWIFT_APPROACHABLE_CONCURRENCY = YES;
				SWIFT_EMIT_LOC_STRINGS = YES;
				SWIFT_UPCOMING_FEATURE_MEMBER_IMPORT_VISIBILITY = YES;
				SWIFT_VERSION = 5.0;
				TARGETED_DEVICE_FAMILY = "1,2";
			};
			name = Debug;
		};
		38A252E32E9E1D3500FC1F8D /* Release */ = {
			isa = XCBuildConfiguration;
			buildSettings = {
				ASSETCATALOG_COMPILER_GLOBAL_ACCENT_COLOR_NAME = AccentColor;
				ASSETCATALOG_COMPILER_WIDGET_BACKGROUND_COLOR_NAME = WidgetBackground;
				CODE_SIGN_STYLE = Automatic;
				CURRENT_PROJECT_VERSION = 1;
				GENERATE_INFOPLIST_FILE = YES;
				INFOPLIST_FILE = RETHINKAWidget/Info.plist;
				INFOPLIST_KEY_CFBundleDisplayName = RETHINKAWidget;
				INFOPLIST_KEY_NSHumanReadableCopyright = "";
				LD_RUNPATH_SEARCH_PATHS = (
					"$(inherited)",
					"@executable_path/Frameworks",
					"@executable_path/../../Frameworks",
				);
				MARKETING_VERSION = 1.0;
				PRODUCT_BUNDLE_IDENTIFIER = com.A4.RETHINKA.RETHINKAWidget;
				PRODUCT_NAME = "$(TARGET_NAME)";
				SKIP_INSTALL = YES;
				STRING_CATALOG_GENERATE_SYMBOLS = YES;
				SWIFT_APPROACHABLE_CONCURRENCY = YES;
				SWIFT_EMIT_LOC_STRINGS = YES;
				SWIFT_UPCOMING_FEATURE_MEMBER_IMPORT_VISIBILITY = YES;
				SWIFT_VERSION = 5.0;
				TARGETED_DEVICE_FAMILY = "1,2";
			};
			name = Release;
		};
/* End XCBuildConfiguration section */

/* Begin XCConfigurationList section */
		3886F2882E9E0CAE004E0D76 /* Build configuration list for PBXProject "RETHINKA" */ = {
			isa = XCConfigurationList;
			buildConfigurations = (
				3886F2962E9E0CAF004E0D76 /* Debug */,
				3886F2972E9E0CAF004E0D76 /* Release */,
			);
			defaultConfigurationIsVisible = 0;
			defaultConfigurationName = Release;
		};
		3886F2982E9E0CAF004E0D76 /* Build configuration list for PBXNativeTarget "RETHINKA" */ = {
			isa = XCConfigurationList;
			buildConfigurations = (
				3886F2992E9E0CAF004E0D76 /* Debug */,
				3886F29A2E9E0CAF004E0D76 /* Release */,
			);
			defaultConfigurationIsVisible = 0;
			defaultConfigurationName = Release;
		};
		38A252E12E9E1D3500FC1F8D /* Build configuration list for PBXNativeTarget "RETHINKAWidgetExtension" */ = {
			isa = XCConfigurationList;
			buildConfigurations = (
				38A252E22E9E1D3500FC1F8D /* Debug */,
				38A252E32E9E1D3500FC1F8D /* Release */,
			);
			defaultConfigurationIsVisible = 0;
			defaultConfigurationName = Release;
		};
/* End XCConfigurationList section */
	};
	rootObject = 3886F2852E9E0CAE004E0D76 /* Project object */;
}
